
Microsoft Visual Studio Solution File, Format Version 12.00
# Visual Studio Version 17
VisualStudioVersion = 17.5.002.0
MinimumVisualStudioVersion = 10.0.40219.1
Project("{9A19103F-16F7-4668-BE54-9A1E7A4F7556}") = "FinalProject", "FinalProject\FinalProject.csproj", "{52885EF0-11B9-42C4-BF50-78B72646A244}"
EndProject
Project("{9A19103F-16F7-4668-BE54-9A1E7A4F7556}") = "Foundation1", "Foundation1\Foundation1.csproj", "{66D43CB8-FCF7-492C-B353-4D05BE061D91}"
EndProject
Project("{9A19103F-16F7-4668-BE54-9A1E7A4F7556}") = "Foundation2", "Foundation2\Foundation2.csproj", "{6AFC7CD6-257C-4B66-BBAA-0E7F18A2DA61}"
EndProject
Project("{9A19103F-16F7-4668-BE54-9A1E7A4F7556}") = "Foundation3", "Foundation3\Foundation3.csproj", "{C741C90E-9105-43EE-92CD-3EAF94C78F78}"
EndProject
Project("{9A19103F-16F7-4668-BE54-9A1E7A4F7556}") = "Foundation4", "Foundation4\Foundation4.csproj", "{694F69E4-A000-4F4F-9437-A3FA4C3BE220}"
EndProject
Global
	GlobalSection(SolutionConfigurationPlatforms) = preSolution
		Debug|Any CPU = Debug|Any CPU
		Release|Any CPU = Release|Any CPU
	EndGlobalSection
	GlobalSection(ProjectConfigurationPlatforms) = postSolution
		{52885EF0-11B9-42C4-BF50-78B72646A244}.Debug|Any CPU.ActiveCfg = Debug|Any CPU
		{52885EF0-11B9-42C4-BF50-78B72646A244}.Debug|Any CPU.Build.0 = Debug|Any CPU
		{52885EF0-11B9-42C4-BF50-78B72646A244}.Release|Any CPU.ActiveCfg = Release|Any CPU
		{52885EF0-11B9-42C4-BF50-78B72646A244}.Release|Any CPU.Build.0 = Release|Any CPU
		{66D43CB8-FCF7-492C-B353-4D05BE061D91}.Debug|Any CPU.ActiveCfg = Debug|Any CPU
		{66D43CB8-FCF7-492C-B353-4D05BE061D91}.Debug|Any CPU.Build.0 = Debug|Any CPU
		{66D43CB8-FCF7-492C-B353-4D05BE061D91}.Release|Any CPU.ActiveCfg = Release|Any CPU
		{66D43CB8-FCF7-492C-B353-4D05BE061D91}.Release|Any CPU.Build.0 = Release|Any CPU
		{6AFC7CD6-257C-4B66-BBAA-0E7F18A2DA61}.Debug|Any CPU.ActiveCfg = Debug|Any CPU
		{6AFC7CD6-257C-4B66-BBAA-0E7F18A2DA61}.Debug|Any CPU.Build.0 = Debug|Any CPU
		{6AFC7CD6-257C-4B66-BBAA-0E7F18A2DA61}.Release|Any CPU.ActiveCfg = Release|Any CPU
		{6AFC7CD6-257C-4B66-BBAA-0E7F18A2DA61}.Release|Any CPU.Build.0 = Release|Any CPU
		{C741C90E-9105-43EE-92CD-3EAF94C78F78}.Debug|Any CPU.ActiveCfg = Debug|Any CPU
		{C741C90E-9105-43EE-92CD-3EAF94C78F78}.Debug|Any CPU.Build.0 = Debug|Any CPU
		{C741C90E-9105-43EE-92CD-3EAF94C78F78}.Release|Any CPU.ActiveCfg = Release|Any CPU
		{C741C90E-9105-43EE-92CD-3EAF94C78F78}.Release|Any CPU.Build.0 = Release|Any CPU
		{694F69E4-A000-4F4F-9437-A3FA4C3BE220}.Debug|Any CPU.ActiveCfg = Debug|Any CPU
		{694F69E4-A000-4F4F-9437-A3FA4C3BE220}.Debug|Any CPU.Build.0 = Debug|Any CPU
		{694F69E4-A000-4F4F-9437-A3FA4C3BE220}.Release|Any CPU.ActiveCfg = Release|Any CPU
		{694F69E4-A000-4F4F-9437-A3FA4C3BE220}.Release|Any CPU.Build.0 = Release|Any CPU
	EndGlobalSection
	GlobalSection(SolutionProperties) = preSolution
		HideSolutionNode = FALSE
	EndGlobalSection
	GlobalSection(ExtensibilityGlobals) = postSolution
		SolutionGuid = {5AAA2E6C-FF12-4F9B-B107-07CEE0386E1F}
	EndGlobalSection
EndGlobal
